
Microsoft Visual Studio Solution File, Format Version 12.00
# Visual Studio 15
VisualStudioVersion = 15.0.28307.779
MinimumVisualStudioVersion = 10.0.40219.1
Project("{9A19103F-16F7-4668-BE54-9A1E7A4F7556}") = "pipelines-dotnet-core", "pipelines-dotnet-core.csproj", "{69B6D65E-A7DE-47C1-9F08-CA5A2D230498}"
EndProject
Global
	GlobalSection(SolutionConfigurationPlatforms) = preSolution
		Debug|Any CPU = Debug|Any CPU
		Release|Any CPU = Release|Any CPU
	EndGlobalSection
	GlobalSection(ProjectConfigurationPlatforms) = postSolution
		{69B6D65E-A7DE-47C1-9F08-CA5A2D230498}.Debug|Any CPU.ActiveCfg = Debug|Any CPU
		{69B6D65E-A7DE-47C1-9F08-CA5A2D230498}.Debug|Any CPU.Build.0 = Debug|Any CPU
		{69B6D65E-A7DE-47C1-9F08-CA5A2D230498}.Release|Any CPU.ActiveCfg = Release|Any CPU
		{69B6D65E-A7DE-47C1-9F08-CA5A2D230498}.Release|Any CPU.Build.0 = Release|Any CPU
	EndGlobalSection
	GlobalSection(SolutionProperties) = preSolution
		HideSolutionNode = FALSE
	EndGlobalSection
	GlobalSection(ExtensibilityGlobals) = postSolution
		SolutionGuid = {5A176EED-9611-4851-B6B5-555CEADE086F}
	EndGlobalSection
EndGlobal
